// !$*UTF8*$!
{
	archiveVersion = 1;
	classes = {
	};
	objectVersion = 46;
	objects = {

/* Begin PBXBuildFile section */
		13B07FBC1A68108700A75B9A /* AppDelegate.m in Sources */ = {isa = PBXBuildFile; fileRef = 13B07FB01A68108700A75B9A /* AppDelegate.m */; };
		13B07FBD1A68108700A75B9A /* LaunchScreen.xib in Resources */ = {isa = PBXBuildFile; fileRef = 13B07FB11A68108700A75B9A /* LaunchScreen.xib */; };
		13B07FBF1A68108700A75B9A /* Images.xcassets in Resources */ = {isa = PBXBuildFile; fileRef = 13B07FB51A68108700A75B9A /* Images.xcassets */; };
		13B07FC11A68108700A75B9A /* main.m in Sources */ = {isa = PBXBuildFile; fileRef = 13B07FB71A68108700A75B9A /* main.m */; };
		AC242EA5BAD33E490BF2AA1A /* libPods-AppStoreClone.a in Frameworks */ = {isa = PBXBuildFile; fileRef = AFDB818D9E51B0E81D50E5F9 /* libPods-AppStoreClone.a */; };
		E3A131221FD87FA2007ABAF2 /* GoogleService-Info.plist in Resources */ = {isa = PBXBuildFile; fileRef = E3A131211FD87FA2007ABAF2 /* GoogleService-Info.plist */; };
		E3AAD4301F573DB200B7831D /* BuildDotenvConfig.ruby in Resources */ = {isa = PBXBuildFile; fileRef = E3AAD42B1F573DB200B7831D /* BuildDotenvConfig.ruby */; };
		E3AAD4321F573DB200B7831D /* ReactNativeConfig.m in Sources */ = {isa = PBXBuildFile; fileRef = E3AAD42F1F573DB200B7831D /* ReactNativeConfig.m */; };
		E3D5C6F51FBE07D70053D1CA /* SF-Pro-Display-Black.otf in Resources */ = {isa = PBXBuildFile; fileRef = E3D5C6DE1FBE07CB0053D1CA /* SF-Pro-Display-Black.otf */; };
		E3D5C6F61FBE07D70053D1CA /* SF-Pro-Display-BlackItalic.otf in Resources */ = {isa = PBXBuildFile; fileRef = E3D5C6F41FBE07CD0053D1CA /* SF-Pro-Display-BlackItalic.otf */; };
		E3D5C6F71FBE07D70053D1CA /* SF-Pro-Display-Bold.otf in Resources */ = {isa = PBXBuildFile; fileRef = E3D5C6DB1FBE07CA0053D1CA /* SF-Pro-Display-Bold.otf */; };
		E3D5C6F81FBE07D70053D1CA /* SF-Pro-Display-BoldItalic.otf in Resources */ = {isa = PBXBuildFile; fileRef = E3D5C6EF1FBE07CC0053D1CA /* SF-Pro-Display-BoldItalic.otf */; };
		E3D5C6F91FBE07D70053D1CA /* SF-Pro-Display-Heavy.otf in Resources */ = {isa = PBXBuildFile; fileRef = E3D5C6EB1FBE07CB0053D1CA /* SF-Pro-Display-Heavy.otf */; };
		E3D5C6FA1FBE07D70053D1CA /* SF-Pro-Display-HeavyItalic.otf in Resources */ = {isa = PBXBuildFile; fileRef = E3D5C6EC1FBE07CC0053D1CA /* SF-Pro-Display-HeavyItalic.otf */; };
		E3D5C6FB1FBE07D70053D1CA /* SF-Pro-Display-Light.otf in Resources */ = {isa = PBXBuildFile; fileRef = E3D5C6DF1FBE07CB0053D1CA /* SF-Pro-Display-Light.otf */; };
		E3D5C6FC1FBE07D70053D1CA /* SF-Pro-Display-LightItalic.otf in Resources */ = {isa = PBXBuildFile; fileRef = E3D5C6E81FBE07CB0053D1CA /* SF-Pro-Display-LightItalic.otf */; };
		E3D5C6FD1FBE07D70053D1CA /* SF-Pro-Display-Medium.otf in Resources */ = {isa = PBXBuildFile; fileRef = E3D5C6E11FBE07CB0053D1CA /* SF-Pro-Display-Medium.otf */; };
		E3D5C6FE1FBE07D70053D1CA /* SF-Pro-Display-MediumItalic.otf in Resources */ = {isa = PBXBuildFile; fileRef = E3D5C6E91FBE07CB0053D1CA /* SF-Pro-Display-MediumItalic.otf */; };
		E3D5C6FF1FBE07D70053D1CA /* SF-Pro-Display-Regular.otf in Resources */ = {isa = PBXBuildFile; fileRef = E3D5C6F31FBE07CC0053D1CA /* SF-Pro-Display-Regular.otf */; };
		E3D5C7001FBE07D70053D1CA /* SF-Pro-Display-RegularItalic.otf in Resources */ = {isa = PBXBuildFile; fileRef = E3D5C6DD1FBE07CB0053D1CA /* SF-Pro-Display-RegularItalic.otf */; };
		E3D5C7011FBE07D70053D1CA /* SF-Pro-Display-Semibold.otf in Resources */ = {isa = PBXBuildFile; fileRef = E3D5C6D91FBE07CA0053D1CA /* SF-Pro-Display-Semibold.otf */; };
		E3D5C7021FBE07D70053D1CA /* SF-Pro-Display-SemiboldItalic.otf in Resources */ = {isa = PBXBuildFile; fileRef = E3D5C6EA1FBE07CB0053D1CA /* SF-Pro-Display-SemiboldItalic.otf */; };
		E3D5C7031FBE07D70053D1CA /* SF-Pro-Display-Thin.otf in Resources */ = {isa = PBXBuildFile; fileRef = E3D5C6E21FBE07CB0053D1CA /* SF-Pro-Display-Thin.otf */; };
		E3D5C7041FBE07D70053D1CA /* SF-Pro-Display-ThinItalic.otf in Resources */ = {isa = PBXBuildFile; fileRef = E3D5C6E31FBE07CB0053D1CA /* SF-Pro-Display-ThinItalic.otf */; };
		E3D5C7051FBE07D70053D1CA /* SF-Pro-Display-Ultralight.otf in Resources */ = {isa = PBXBuildFile; fileRef = E3D5C6F11FBE07CC0053D1CA /* SF-Pro-Display-Ultralight.otf */; };
		E3D5C7061FBE07D70053D1CA /* SF-Pro-Display-UltralightItalic.otf in Resources */ = {isa = PBXBuildFile; fileRef = E3D5C6DA1FBE07CA0053D1CA /* SF-Pro-Display-UltralightItalic.otf */; };
		E3D5C7071FBE07D70053D1CA /* SF-Pro-Text-Bold.otf in Resources */ = {isa = PBXBuildFile; fileRef = E3D5C6E61FBE07CB0053D1CA /* SF-Pro-Text-Bold.otf */; };
		E3D5C7081FBE07D70053D1CA /* SF-Pro-Text-BoldItalic.otf in Resources */ = {isa = PBXBuildFile; fileRef = E3D5C6E71FBE07CB0053D1CA /* SF-Pro-Text-BoldItalic.otf */; };
		E3D5C7091FBE07D70053D1CA /* SF-Pro-Text-Heavy.otf in Resources */ = {isa = PBXBuildFile; fileRef = E3D5C6EE1FBE07CC0053D1CA /* SF-Pro-Text-Heavy.otf */; };
		E3D5C70A1FBE07D70053D1CA /* SF-Pro-Text-HeavyItalic.otf in Resources */ = {isa = PBXBuildFile; fileRef = E3D5C6F01FBE07CC0053D1CA /* SF-Pro-Text-HeavyItalic.otf */; };
		E3D5C70B1FBE07D70053D1CA /* SF-Pro-Text-Light.otf in Resources */ = {isa = PBXBuildFile; fileRef = E3D5C6E41FBE07CB0053D1CA /* SF-Pro-Text-Light.otf */; };
		E3D5C70C1FBE07D70053D1CA /* SF-Pro-Text-LightItalic.otf in Resources */ = {isa = PBXBuildFile; fileRef = E3D5C6E01FBE07CB0053D1CA /* SF-Pro-Text-LightItalic.otf */; };
		E3D5C70D1FBE07D70053D1CA /* SF-Pro-Text-Medium.otf in Resources */ = {isa = PBXBuildFile; fileRef = E3D5C6ED1FBE07CC0053D1CA /* SF-Pro-Text-Medium.otf */; };
		E3D5C70E1FBE07D70053D1CA /* SF-Pro-Text-MediumItalic.otf in Resources */ = {isa = PBXBuildFile; fileRef = E3D5C6E51FBE07CB0053D1CA /* SF-Pro-Text-MediumItalic.otf */; };
		E3D5C70F1FBE07D70053D1CA /* SF-Pro-Text-Regular.otf in Resources */ = {isa = PBXBuildFile; fileRef = E3D5C6D71FBE07CA0053D1CA /* SF-Pro-Text-Regular.otf */; };
		E3D5C7101FBE07D70053D1CA /* SF-Pro-Text-RegularItalic.otf in Resources */ = {isa = PBXBuildFile; fileRef = E3D5C6D81FBE07CA0053D1CA /* SF-Pro-Text-RegularItalic.otf */; };
		E3D5C7111FBE07D70053D1CA /* SF-Pro-Text-Semibold.otf in Resources */ = {isa = PBXBuildFile; fileRef = E3D5C6F21FBE07CC0053D1CA /* SF-Pro-Text-Semibold.otf */; };
		E3D5C7121FBE07D70053D1CA /* SF-Pro-Text-SemiboldItalic.otf in Resources */ = {isa = PBXBuildFile; fileRef = E3D5C6DC1FBE07CB0053D1CA /* SF-Pro-Text-SemiboldItalic.otf */; };
/* End PBXBuildFile section */

/* Begin PBXFileReference section */
		008F07F21AC5B25A0029DE68 /* main.jsbundle */ = {isa = PBXFileReference; fileEncoding = 4; lastKnownFileType = text; path = main.jsbundle; sourceTree = "<group>"; };
		00E356F11AD99517003FC87E /* Info.plist */ = {isa = PBXFileReference; lastKnownFileType = text.plist.xml; path = Info.plist; sourceTree = "<group>"; };
		00E356F21AD99517003FC87E /* UenoNativeStarterTests.m */ = {isa = PBXFileReference; lastKnownFileType = sourcecode.c.objc; path = UenoNativeStarterTests.m; sourceTree = "<group>"; };
		0816B123C9BB87DC86D9A92C /* Pods-AppStoreCloneTests.release.xcconfig */ = {isa = PBXFileReference; includeInIndex = 1; lastKnownFileType = text.xcconfig; name = "Pods-AppStoreCloneTests.release.xcconfig"; path = "Pods/Target Support Files/Pods-AppStoreCloneTests/Pods-AppStoreCloneTests.release.xcconfig"; sourceTree = "<group>"; };
		13B07F961A680F5B00A75B9A /* AppStoreClone.app */ = {isa = PBXFileReference; explicitFileType = wrapper.application; includeInIndex = 0; path = AppStoreClone.app; sourceTree = BUILT_PRODUCTS_DIR; };
		13B07FAF1A68108700A75B9A /* AppDelegate.h */ = {isa = PBXFileReference; fileEncoding = 4; lastKnownFileType = sourcecode.c.h; path = AppDelegate.h; sourceTree = "<group>"; };
		13B07FB01A68108700A75B9A /* AppDelegate.m */ = {isa = PBXFileReference; fileEncoding = 4; lastKnownFileType = sourcecode.c.objc; path = AppDelegate.m; sourceTree = "<group>"; };
		13B07FB21A68108700A75B9A /* Base */ = {isa = PBXFileReference; lastKnownFileType = file.xib; name = Base; path = Base.lproj/LaunchScreen.xib; sourceTree = "<group>"; };
		13B07FB51A68108700A75B9A /* Images.xcassets */ = {isa = PBXFileReference; lastKnownFileType = folder.assetcatalog; path = Images.xcassets; sourceTree = "<group>"; };
		13B07FB61A68108700A75B9A /* Info.plist */ = {isa = PBXFileReference; fileEncoding = 4; lastKnownFileType = text.plist.xml; path = Info.plist; sourceTree = "<group>"; };
		13B07FB71A68108700A75B9A /* main.m */ = {isa = PBXFileReference; fileEncoding = 4; lastKnownFileType = sourcecode.c.objc; path = main.m; sourceTree = "<group>"; };
		23A735B6609BE13F1687DE79 /* Pods-AppStoreClone.release.xcconfig */ = {isa = PBXFileReference; includeInIndex = 1; lastKnownFileType = text.xcconfig; name = "Pods-AppStoreClone.release.xcconfig"; path = "Pods/Target Support Files/Pods-AppStoreClone/Pods-AppStoreClone.release.xcconfig"; sourceTree = "<group>"; };
		29A315450AA13F75A2AF5F3A /* Pods-AppStoreCloneTests.debug.xcconfig */ = {isa = PBXFileReference; includeInIndex = 1; lastKnownFileType = text.xcconfig; name = "Pods-AppStoreCloneTests.debug.xcconfig"; path = "Pods/Target Support Files/Pods-AppStoreCloneTests/Pods-AppStoreCloneTests.debug.xcconfig"; sourceTree = "<group>"; };
		2BD97C6C3D52BC138450A43E /* libPods-AppStoreCloneTests.a */ = {isa = PBXFileReference; explicitFileType = archive.ar; includeInIndex = 0; path = "libPods-AppStoreCloneTests.a"; sourceTree = BUILT_PRODUCTS_DIR; };
		AFDB818D9E51B0E81D50E5F9 /* libPods-AppStoreClone.a */ = {isa = PBXFileReference; explicitFileType = archive.ar; includeInIndex = 0; path = "libPods-AppStoreClone.a"; sourceTree = BUILT_PRODUCTS_DIR; };
		E3A131211FD87FA2007ABAF2 /* GoogleService-Info.plist */ = {isa = PBXFileReference; fileEncoding = 4; lastKnownFileType = text.plist.xml; path = "GoogleService-Info.plist"; sourceTree = "<group>"; };
		E3AAD42B1F573DB200B7831D /* BuildDotenvConfig.ruby */ = {isa = PBXFileReference; fileEncoding = 4; lastKnownFileType = text; path = BuildDotenvConfig.ruby; sourceTree = "<group>"; };
		E3AAD42D1F573DB200B7831D /* GeneratedInfoPlistDotEnv.h */ = {isa = PBXFileReference; fileEncoding = 4; lastKnownFileType = sourcecode.c.h; path = GeneratedInfoPlistDotEnv.h; sourceTree = "<group>"; };
		E3AAD42E1F573DB200B7831D /* ReactNativeConfig.h */ = {isa = PBXFileReference; fileEncoding = 4; lastKnownFileType = sourcecode.c.h; path = ReactNativeConfig.h; sourceTree = "<group>"; };
		E3AAD42F1F573DB200B7831D /* ReactNativeConfig.m */ = {isa = PBXFileReference; fileEncoding = 4; lastKnownFileType = sourcecode.c.objc; path = ReactNativeConfig.m; sourceTree = "<group>"; };
		E3D5C6D71FBE07CA0053D1CA /* SF-Pro-Text-Regular.otf */ = {isa = PBXFileReference; lastKnownFileType = file; name = "SF-Pro-Text-Regular.otf"; path = "../../src/fonts/SF-Pro-Text-Regular.otf"; sourceTree = "<group>"; };
		E3D5C6D81FBE07CA0053D1CA /* SF-Pro-Text-RegularItalic.otf */ = {isa = PBXFileReference; lastKnownFileType = file; name = "SF-Pro-Text-RegularItalic.otf"; path = "../../src/fonts/SF-Pro-Text-RegularItalic.otf"; sourceTree = "<group>"; };
		E3D5C6D91FBE07CA0053D1CA /* SF-Pro-Display-Semibold.otf */ = {isa = PBXFileReference; lastKnownFileType = file; name = "SF-Pro-Display-Semibold.otf"; path = "../../src/fonts/SF-Pro-Display-Semibold.otf"; sourceTree = "<group>"; };
		E3D5C6DA1FBE07CA0053D1CA /* SF-Pro-Display-UltralightItalic.otf */ = {isa = PBXFileReference; lastKnownFileType = file; name = "SF-Pro-Display-UltralightItalic.otf"; path = "../../src/fonts/SF-Pro-Display-UltralightItalic.otf"; sourceTree = "<group>"; };
		E3D5C6DB1FBE07CA0053D1CA /* SF-Pro-Display-Bold.otf */ = {isa = PBXFileReference; lastKnownFileType = file; name = "SF-Pro-Display-Bold.otf"; path = "../../src/fonts/SF-Pro-Display-Bold.otf"; sourceTree = "<group>"; };
		E3D5C6DC1FBE07CB0053D1CA /* SF-Pro-Text-SemiboldItalic.otf */ = {isa = PBXFileReference; lastKnownFileType = file; name = "SF-Pro-Text-SemiboldItalic.otf"; path = "../../src/fonts/SF-Pro-Text-SemiboldItalic.otf"; sourceTree = "<group>"; };
		E3D5C6DD1FBE07CB0053D1CA /* SF-Pro-Display-RegularItalic.otf */ = {isa = PBXFileReference; lastKnownFileType = file; name = "SF-Pro-Display-RegularItalic.otf"; path = "../../src/fonts/SF-Pro-Display-RegularItalic.otf"; sourceTree = "<group>"; };
		E3D5C6DE1FBE07CB0053D1CA /* SF-Pro-Display-Black.otf */ = {isa = PBXFileReference; lastKnownFileType = file; name = "SF-Pro-Display-Black.otf"; path = "../../src/fonts/SF-Pro-Display-Black.otf"; sourceTree = "<group>"; };
		E3D5C6DF1FBE07CB0053D1CA /* SF-Pro-Display-Light.otf */ = {isa = PBXFileReference; lastKnownFileType = file; name = "SF-Pro-Display-Light.otf"; path = "../../src/fonts/SF-Pro-Display-Light.otf"; sourceTree = "<group>"; };
		E3D5C6E01FBE07CB0053D1CA /* SF-Pro-Text-LightItalic.otf */ = {isa = PBXFileReference; lastKnownFileType = file; name = "SF-Pro-Text-LightItalic.otf"; path = "../../src/fonts/SF-Pro-Text-LightItalic.otf"; sourceTree = "<group>"; };
		E3D5C6E11FBE07CB0053D1CA /* SF-Pro-Display-Medium.otf */ = {isa = PBXFileReference; lastKnownFileType = file; name = "SF-Pro-Display-Medium.otf"; path = "../../src/fonts/SF-Pro-Display-Medium.otf"; sourceTree = "<group>"; };
		E3D5C6E21FBE07CB0053D1CA /* SF-Pro-Display-Thin.otf */ = {isa = PBXFileReference; lastKnownFileType = file; name = "SF-Pro-Display-Thin.otf"; path = "../../src/fonts/SF-Pro-Display-Thin.otf"; sourceTree = "<group>"; };
		E3D5C6E31FBE07CB0053D1CA /* SF-Pro-Display-ThinItalic.otf */ = {isa = PBXFileReference; lastKnownFileType = file; name = "SF-Pro-Display-ThinItalic.otf"; path = "../../src/fonts/SF-Pro-Display-ThinItalic.otf"; sourceTree = "<group>"; };
		E3D5C6E41FBE07CB0053D1CA /* SF-Pro-Text-Light.otf */ = {isa = PBXFileReference; lastKnownFileType = file; name = "SF-Pro-Text-Light.otf"; path = "../../src/fonts/SF-Pro-Text-Light.otf"; sourceTree = "<group>"; };
		E3D5C6E51FBE07CB0053D1CA /* SF-Pro-Text-MediumItalic.otf */ = {isa = PBXFileReference; lastKnownFileType = file; name = "SF-Pro-Text-MediumItalic.otf"; path = "../../src/fonts/SF-Pro-Text-MediumItalic.otf"; sourceTree = "<group>"; };
		E3D5C6E61FBE07CB0053D1CA /* SF-Pro-Text-Bold.otf */ = {isa = PBXFileReference; lastKnownFileType = file; name = "SF-Pro-Text-Bold.otf"; path = "../../src/fonts/SF-Pro-Text-Bold.otf"; sourceTree = "<group>"; };
		E3D5C6E71FBE07CB0053D1CA /* SF-Pro-Text-BoldItalic.otf */ = {isa = PBXFileReference; lastKnownFileType = file; name = "SF-Pro-Text-BoldItalic.otf"; path = "../../src/fonts/SF-Pro-Text-BoldItalic.otf"; sourceTree = "<group>"; };
		E3D5C6E81FBE07CB0053D1CA /* SF-Pro-Display-LightItalic.otf */ = {isa = PBXFileReference; lastKnownFileType = file; name = "SF-Pro-Display-LightItalic.otf"; path = "../../src/fonts/SF-Pro-Display-LightItalic.otf"; sourceTree = "<group>"; };
		E3D5C6E91FBE07CB0053D1CA /* SF-Pro-Display-MediumItalic.otf */ = {isa = PBXFileReference; lastKnownFileType = file; name = "SF-Pro-Display-MediumItalic.otf"; path = "../../src/fonts/SF-Pro-Display-MediumItalic.otf"; sourceTree = "<group>"; };
		E3D5C6EA1FBE07CB0053D1CA /* SF-Pro-Display-SemiboldItalic.otf */ = {isa = PBXFileReference; lastKnownFileType = file; name = "SF-Pro-Display-SemiboldItalic.otf"; path = "../../src/fonts/SF-Pro-Display-SemiboldItalic.otf"; sourceTree = "<group>"; };
		E3D5C6EB1FBE07CB0053D1CA /* SF-Pro-Display-Heavy.otf */ = {isa = PBXFileReference; lastKnownFileType = file; name = "SF-Pro-Display-Heavy.otf"; path = "../../src/fonts/SF-Pro-Display-Heavy.otf"; sourceTree = "<group>"; };
		E3D5C6EC1FBE07CC0053D1CA /* SF-Pro-Display-HeavyItalic.otf */ = {isa = PBXFileReference; lastKnownFileType = file; name = "SF-Pro-Display-HeavyItalic.otf"; path = "../../src/fonts/SF-Pro-Display-HeavyItalic.otf"; sourceTree = "<group>"; };
		E3D5C6ED1FBE07CC0053D1CA /* SF-Pro-Text-Medium.otf */ = {isa = PBXFileReference; lastKnownFileType = file; name = "SF-Pro-Text-Medium.otf"; path = "../../src/fonts/SF-Pro-Text-Medium.otf"; sourceTree = "<group>"; };
		E3D5C6EE1FBE07CC0053D1CA /* SF-Pro-Text-Heavy.otf */ = {isa = PBXFileReference; lastKnownFileType = file; name = "SF-Pro-Text-Heavy.otf"; path = "../../src/fonts/SF-Pro-Text-Heavy.otf"; sourceTree = "<group>"; };
		E3D5C6EF1FBE07CC0053D1CA /* SF-Pro-Display-BoldItalic.otf */ = {isa = PBXFileReference; lastKnownFileType = file; name = "SF-Pro-Display-BoldItalic.otf"; path = "../../src/fonts/SF-Pro-Display-BoldItalic.otf"; sourceTree = "<group>"; };
		E3D5C6F01FBE07CC0053D1CA /* SF-Pro-Text-HeavyItalic.otf */ = {isa = PBXFileReference; lastKnownFileType = file; name = "SF-Pro-Text-HeavyItalic.otf"; path = "../../src/fonts/SF-Pro-Text-HeavyItalic.otf"; sourceTree = "<group>"; };
		E3D5C6F11FBE07CC0053D1CA /* SF-Pro-Display-Ultralight.otf */ = {isa = PBXFileReference; lastKnownFileType = file; name = "SF-Pro-Display-Ultralight.otf"; path = "../../src/fonts/SF-Pro-Display-Ultralight.otf"; sourceTree = "<group>"; };
		E3D5C6F21FBE07CC0053D1CA /* SF-Pro-Text-Semibold.otf */ = {isa = PBXFileReference; lastKnownFileType = file; name = "SF-Pro-Text-Semibold.otf"; path = "../../src/fonts/SF-Pro-Text-Semibold.otf"; sourceTree = "<group>"; };
		E3D5C6F31FBE07CC0053D1CA /* SF-Pro-Display-Regular.otf */ = {isa = PBXFileReference; lastKnownFileType = file; name = "SF-Pro-Display-Regular.otf"; path = "../../src/fonts/SF-Pro-Display-Regular.otf"; sourceTree = "<group>"; };
		E3D5C6F41FBE07CD0053D1CA /* SF-Pro-Display-BlackItalic.otf */ = {isa = PBXFileReference; lastKnownFileType = file; name = "SF-Pro-Display-BlackItalic.otf"; path = "../../src/fonts/SF-Pro-Display-BlackItalic.otf"; sourceTree = "<group>"; };
		FE61BF5983CD96722C7A84AC /* Pods-AppStoreClone.debug.xcconfig */ = {isa = PBXFileReference; includeInIndex = 1; lastKnownFileType = text.xcconfig; name = "Pods-AppStoreClone.debug.xcconfig"; path = "Pods/Target Support Files/Pods-AppStoreClone/Pods-AppStoreClone.debug.xcconfig"; sourceTree = "<group>"; };
/* End PBXFileReference section */

/* Begin PBXFrameworksBuildPhase section */
		13B07F8C1A680F5B00A75B9A /* Frameworks */ = {
			isa = PBXFrameworksBuildPhase;
			buildActionMask = 2147483647;
			files = (
				AC242EA5BAD33E490BF2AA1A /* libPods-AppStoreClone.a in Frameworks */,
			);
			runOnlyForDeploymentPostprocessing = 0;
		};
/* End PBXFrameworksBuildPhase section */

/* Begin PBXGroup section */
		00E356EF1AD99517003FC87E /* AppStoreCloneTests */ = {
			isa = PBXGroup;
			children = (
				00E356F21AD99517003FC87E /* UenoNativeStarterTests.m */,
				00E356F01AD99517003FC87E /* Supporting Files */,
			);
			path = AppStoreCloneTests;
			sourceTree = "<group>";
		};
		00E356F01AD99517003FC87E /* Supporting Files */ = {
			isa = PBXGroup;
			children = (
				00E356F11AD99517003FC87E /* Info.plist */,
			);
			name = "Supporting Files";
			sourceTree = "<group>";
		};
		13B07FAE1A68108700A75B9A /* AppStoreClone */ = {
			isa = PBXGroup;
			children = (
				E3A131211FD87FA2007ABAF2 /* GoogleService-Info.plist */,
				008F07F21AC5B25A0029DE68 /* main.jsbundle */,
				13B07FAF1A68108700A75B9A /* AppDelegate.h */,
				13B07FB01A68108700A75B9A /* AppDelegate.m */,
				13B07FB51A68108700A75B9A /* Images.xcassets */,
				13B07FB61A68108700A75B9A /* Info.plist */,
				13B07FB11A68108700A75B9A /* LaunchScreen.xib */,
				13B07FB71A68108700A75B9A /* main.m */,
			);
			path = AppStoreClone;
			sourceTree = "<group>";
		};
		4CE6C5BA572EF6078027A293 /* Frameworks */ = {
			isa = PBXGroup;
			children = (
				AFDB818D9E51B0E81D50E5F9 /* libPods-AppStoreClone.a */,
				2BD97C6C3D52BC138450A43E /* libPods-AppStoreCloneTests.a */,
			);
			name = Frameworks;
			sourceTree = "<group>";
		};
		8079FCF0BF9CE803AC9EB17F /* Pods */ = {
			isa = PBXGroup;
			children = (
				FE61BF5983CD96722C7A84AC /* Pods-AppStoreClone.debug.xcconfig */,
				23A735B6609BE13F1687DE79 /* Pods-AppStoreClone.release.xcconfig */,
				29A315450AA13F75A2AF5F3A /* Pods-AppStoreCloneTests.debug.xcconfig */,
				0816B123C9BB87DC86D9A92C /* Pods-AppStoreCloneTests.release.xcconfig */,
			);
			name = Pods;
			sourceTree = "<group>";
		};
		832341AE1AAA6A7D00B99B32 /* Libraries */ = {
			isa = PBXGroup;
			children = (
			);
			name = Libraries;
			sourceTree = "<group>";
		};
		83CBB9F61A601CBA00E9B192 = {
			isa = PBXGroup;
			children = (
				13B07FAE1A68108700A75B9A /* AppStoreClone */,
				00E356EF1AD99517003FC87E /* AppStoreCloneTests */,
				E3AAD42A1F573DB200B7831D /* Config */,
				E3D5C6D61FBE07BB0053D1CA /* Fonts */,
				832341AE1AAA6A7D00B99B32 /* Libraries */,
				83CBBA001A601CBA00E9B192 /* Products */,
				8079FCF0BF9CE803AC9EB17F /* Pods */,
				4CE6C5BA572EF6078027A293 /* Frameworks */,
			);
			indentWidth = 2;
			sourceTree = "<group>";
			tabWidth = 2;
			usesTabs = 0;
		};
		83CBBA001A601CBA00E9B192 /* Products */ = {
			isa = PBXGroup;
			children = (
				13B07F961A680F5B00A75B9A /* AppStoreClone.app */,
			);
			name = Products;
			sourceTree = "<group>";
		};
		E3AAD42A1F573DB200B7831D /* Config */ = {
			isa = PBXGroup;
			children = (
				E3AAD42B1F573DB200B7831D /* BuildDotenvConfig.ruby */,
				E3AAD42D1F573DB200B7831D /* GeneratedInfoPlistDotEnv.h */,
				E3AAD42E1F573DB200B7831D /* ReactNativeConfig.h */,
				E3AAD42F1F573DB200B7831D /* ReactNativeConfig.m */,
			);
			path = Config;
			sourceTree = "<group>";
		};
		E3D5C6D61FBE07BB0053D1CA /* Fonts */ = {
			isa = PBXGroup;
			children = (
				E3D5C6DE1FBE07CB0053D1CA /* SF-Pro-Display-Black.otf */,
				E3D5C6F41FBE07CD0053D1CA /* SF-Pro-Display-BlackItalic.otf */,
				E3D5C6DB1FBE07CA0053D1CA /* SF-Pro-Display-Bold.otf */,
				E3D5C6EF1FBE07CC0053D1CA /* SF-Pro-Display-BoldItalic.otf */,
				E3D5C6EB1FBE07CB0053D1CA /* SF-Pro-Display-Heavy.otf */,
				E3D5C6EC1FBE07CC0053D1CA /* SF-Pro-Display-HeavyItalic.otf */,
				E3D5C6DF1FBE07CB0053D1CA /* SF-Pro-Display-Light.otf */,
				E3D5C6E81FBE07CB0053D1CA /* SF-Pro-Display-LightItalic.otf */,
				E3D5C6E11FBE07CB0053D1CA /* SF-Pro-Display-Medium.otf */,
				E3D5C6E91FBE07CB0053D1CA /* SF-Pro-Display-MediumItalic.otf */,
				E3D5C6F31FBE07CC0053D1CA /* SF-Pro-Display-Regular.otf */,
				E3D5C6DD1FBE07CB0053D1CA /* SF-Pro-Display-RegularItalic.otf */,
				E3D5C6D91FBE07CA0053D1CA /* SF-Pro-Display-Semibold.otf */,
				E3D5C6EA1FBE07CB0053D1CA /* SF-Pro-Display-SemiboldItalic.otf */,
				E3D5C6E21FBE07CB0053D1CA /* SF-Pro-Display-Thin.otf */,
				E3D5C6E31FBE07CB0053D1CA /* SF-Pro-Display-ThinItalic.otf */,
				E3D5C6F11FBE07CC0053D1CA /* SF-Pro-Display-Ultralight.otf */,
				E3D5C6DA1FBE07CA0053D1CA /* SF-Pro-Display-UltralightItalic.otf */,
				E3D5C6E61FBE07CB0053D1CA /* SF-Pro-Text-Bold.otf */,
				E3D5C6E71FBE07CB0053D1CA /* SF-Pro-Text-BoldItalic.otf */,
				E3D5C6EE1FBE07CC0053D1CA /* SF-Pro-Text-Heavy.otf */,
				E3D5C6F01FBE07CC0053D1CA /* SF-Pro-Text-HeavyItalic.otf */,
				E3D5C6E41FBE07CB0053D1CA /* SF-Pro-Text-Light.otf */,
				E3D5C6E01FBE07CB0053D1CA /* SF-Pro-Text-LightItalic.otf */,
				E3D5C6ED1FBE07CC0053D1CA /* SF-Pro-Text-Medium.otf */,
				E3D5C6E51FBE07CB0053D1CA /* SF-Pro-Text-MediumItalic.otf */,
				E3D5C6D71FBE07CA0053D1CA /* SF-Pro-Text-Regular.otf */,
				E3D5C6D81FBE07CA0053D1CA /* SF-Pro-Text-RegularItalic.otf */,
				E3D5C6F21FBE07CC0053D1CA /* SF-Pro-Text-Semibold.otf */,
				E3D5C6DC1FBE07CB0053D1CA /* SF-Pro-Text-SemiboldItalic.otf */,
			);
			path = Fonts;
			sourceTree = "<group>";
		};
/* End PBXGroup section */

/* Begin PBXLegacyTarget section */
		E3AAD4501F573E3700B7831D /* BuildEnv */ = {
			isa = PBXLegacyTarget;
			buildArgumentsString = "$(ACTION)";
			buildConfigurationList = E3AAD4511F573E3800B7831D /* Build configuration list for PBXLegacyTarget "BuildEnv" */;
			buildPhases = (
			);
			buildToolPath = "${SRCROOT}/Config/BuildDotenvConfig.ruby";
			dependencies = (
			);
			name = BuildEnv;
			passBuildSettingsInEnvironment = 1;
			productName = BuildEnv;
		};
/* End PBXLegacyTarget section */

/* Begin PBXNativeTarget section */
		13B07F861A680F5B00A75B9A /* AppStoreClone */ = {
			isa = PBXNativeTarget;
			buildConfigurationList = 13B07F931A680F5B00A75B9A /* Build configuration list for PBXNativeTarget "AppStoreClone" */;
			buildPhases = (
				DE29A3C61EA94606C7B30F25 /* [CP] Check Pods Manifest.lock */,
				13B07F871A680F5B00A75B9A /* Sources */,
				13B07F8C1A680F5B00A75B9A /* Frameworks */,
				13B07F8E1A680F5B00A75B9A /* Resources */,
				00DD1BFF1BD5951E006B06BC /* Bundle React Native code and images */,
				F32D0D292EBCD0619CEB5424 /* [CP] Embed Pods Frameworks */,
				BE2E2C58577DE61FBF9F0CAB /* [CP] Copy Pods Resources */,
			);
			buildRules = (
			);
			dependencies = (
			);
			name = AppStoreClone;
			productName = "Hello World";
			productReference = 13B07F961A680F5B00A75B9A /* AppStoreClone.app */;
			productType = "com.apple.product-type.application";
		};
/* End PBXNativeTarget section */

/* Begin PBXProject section */
		83CBB9F71A601CBA00E9B192 /* Project object */ = {
			isa = PBXProject;
			attributes = {
				LastUpgradeCheck = 0610;
				ORGANIZATIONNAME = Facebook;
				TargetAttributes = {
					13B07F861A680F5B00A75B9A = {
						DevelopmentTeam = 5PD7JU2FJC;
					};
					E3AAD4501F573E3700B7831D = {
						CreatedOnToolsVersion = 8.3.3;
						DevelopmentTeam = 5PD7JU2FJC;
						ProvisioningStyle = Automatic;
					};
				};
			};
			buildConfigurationList = 83CBB9FA1A601CBA00E9B192 /* Build configuration list for PBXProject "AppStoreClone" */;
			compatibilityVersion = "Xcode 3.2";
			developmentRegion = English;
			hasScannedForEncodings = 0;
			knownRegions = (
				en,
				Base,
			);
			mainGroup = 83CBB9F61A601CBA00E9B192;
			productRefGroup = 83CBBA001A601CBA00E9B192 /* Products */;
			projectDirPath = "";
			projectRoot = "";
			targets = (
				E3AAD4501F573E3700B7831D /* BuildEnv */,
				13B07F861A680F5B00A75B9A /* AppStoreClone */,
			);
		};
/* End PBXProject section */

/* Begin PBXResourcesBuildPhase section */
		13B07F8E1A680F5B00A75B9A /* Resources */ = {
			isa = PBXResourcesBuildPhase;
			buildActionMask = 2147483647;
			files = (
				E3D5C7061FBE07D70053D1CA /* SF-Pro-Display-UltralightItalic.otf in Resources */,
				E3D5C6FD1FBE07D70053D1CA /* SF-Pro-Display-Medium.otf in Resources */,
				E3D5C6F61FBE07D70053D1CA /* SF-Pro-Display-BlackItalic.otf in Resources */,
				E3D5C7031FBE07D70053D1CA /* SF-Pro-Display-Thin.otf in Resources */,
				13B07FBF1A68108700A75B9A /* Images.xcassets in Resources */,
				E3D5C6F81FBE07D70053D1CA /* SF-Pro-Display-BoldItalic.otf in Resources */,
				E3D5C70F1FBE07D70053D1CA /* SF-Pro-Text-Regular.otf in Resources */,
				E3D5C7021FBE07D70053D1CA /* SF-Pro-Display-SemiboldItalic.otf in Resources */,
				E3D5C7091FBE07D70053D1CA /* SF-Pro-Text-Heavy.otf in Resources */,
				E3D5C6F91FBE07D70053D1CA /* SF-Pro-Display-Heavy.otf in Resources */,
				E3D5C7051FBE07D70053D1CA /* SF-Pro-Display-Ultralight.otf in Resources */,
				E3D5C70C1FBE07D70053D1CA /* SF-Pro-Text-LightItalic.otf in Resources */,
				E3D5C6F71FBE07D70053D1CA /* SF-Pro-Display-Bold.otf in Resources */,
				E3D5C70D1FBE07D70053D1CA /* SF-Pro-Text-Medium.otf in Resources */,
				E3D5C6FE1FBE07D70053D1CA /* SF-Pro-Display-MediumItalic.otf in Resources */,
				E3D5C70B1FBE07D70053D1CA /* SF-Pro-Text-Light.otf in Resources */,
				13B07FBD1A68108700A75B9A /* LaunchScreen.xib in Resources */,
				E3D5C7011FBE07D70053D1CA /* SF-Pro-Display-Semibold.otf in Resources */,
				E3D5C7001FBE07D70053D1CA /* SF-Pro-Display-RegularItalic.otf in Resources */,
				E3D5C7121FBE07D70053D1CA /* SF-Pro-Text-SemiboldItalic.otf in Resources */,
				E3D5C6FB1FBE07D70053D1CA /* SF-Pro-Display-Light.otf in Resources */,
				E3D5C7111FBE07D70053D1CA /* SF-Pro-Text-Semibold.otf in Resources */,
				E3AAD4301F573DB200B7831D /* BuildDotenvConfig.ruby in Resources */,
				E3D5C7071FBE07D70053D1CA /* SF-Pro-Text-Bold.otf in Resources */,
				E3D5C6FC1FBE07D70053D1CA /* SF-Pro-Display-LightItalic.otf in Resources */,
				E3D5C70E1FBE07D70053D1CA /* SF-Pro-Text-MediumItalic.otf in Resources */,
				E3D5C7081FBE07D70053D1CA /* SF-Pro-Text-BoldItalic.otf in Resources */,
				E3D5C7101FBE07D70053D1CA /* SF-Pro-Text-RegularItalic.otf in Resources */,
				E3D5C6FA1FBE07D70053D1CA /* SF-Pro-Display-HeavyItalic.otf in Resources */,
				E3A131221FD87FA2007ABAF2 /* GoogleService-Info.plist in Resources */,
				E3D5C6FF1FBE07D70053D1CA /* SF-Pro-Display-Regular.otf in Resources */,
				E3D5C6F51FBE07D70053D1CA /* SF-Pro-Display-Black.otf in Resources */,
				E3D5C70A1FBE07D70053D1CA /* SF-Pro-Text-HeavyItalic.otf in Resources */,
				E3D5C7041FBE07D70053D1CA /* SF-Pro-Display-ThinItalic.otf in Resources */,
			);
			runOnlyForDeploymentPostprocessing = 0;
		};
/* End PBXResourcesBuildPhase section */

/* Begin PBXShellScriptBuildPhase section */
		00DD1BFF1BD5951E006B06BC /* Bundle React Native code and images */ = {
			isa = PBXShellScriptBuildPhase;
			buildActionMask = 2147483647;
			files = (
			);
			inputPaths = (
			);
			name = "Bundle React Native code and images";
			outputPaths = (
			);
			runOnlyForDeploymentPostprocessing = 0;
			shellPath = /bin/sh;
			shellScript = "export SENTRY_PROPERTIES=sentry.properties\n\n# Setup nvm and set node\n[ -z \"$NVM_DIR\" ] && export NVM_DIR=\"$HOME/.nvm\"\n\nif [[ -s \"$HOME/.nvm/nvm.sh\" ]]; then\n. \"$HOME/.nvm/nvm.sh\"\nelif [[ -x \"$(command -v brew)\" && -s \"$(brew --prefix nvm)/nvm.sh\" ]]; then\n. \"$(brew --prefix nvm)/nvm.sh\"\nfi\n\n# Set up the nodenv node version manager if present\nif [[ -x \"$HOME/.nodenv/bin/nodenv\" ]]; then\neval \"$(\"$HOME/.nodenv/bin/nodenv\" init -)\"\nfi\n\n[ -z \"$NODE_BINARY\" ] && export NODE_BINARY=\"node\"\n\n# Run sentry cli script to upload debug symbols\n$NODE_BINARY ../node_modules/sentry-cli-binary/bin/sentry-cli upload-dsym\n\n# OR\n\n$NODE_BINARY ../node_modules/sentry-cli-binary/bin/sentry-cli react-native xcode \\\n../node_modules/react-native/scripts/react-native-xcode.sh\n\n\n\n\n\n\n\n";
		};
		BE2E2C58577DE61FBF9F0CAB /* [CP] Copy Pods Resources */ = {
			isa = PBXShellScriptBuildPhase;
			buildActionMask = 2147483647;
			files = (
			);
			inputPaths = (
			);
			name = "[CP] Copy Pods Resources";
			outputPaths = (
			);
			runOnlyForDeploymentPostprocessing = 0;
			shellPath = /bin/sh;
			shellScript = "\"${SRCROOT}/Pods/Target Support Files/Pods-AppStoreClone/Pods-AppStoreClone-resources.sh\"\n";
			showEnvVarsInLog = 0;
		};
		DE29A3C61EA94606C7B30F25 /* [CP] Check Pods Manifest.lock */ = {
			isa = PBXShellScriptBuildPhase;
			buildActionMask = 2147483647;
			files = (
			);
			inputPaths = (
				"${PODS_PODFILE_DIR_PATH}/Podfile.lock",
				"${PODS_ROOT}/Manifest.lock",
			);
			name = "[CP] Check Pods Manifest.lock";
			outputPaths = (
				"$(DERIVED_FILE_DIR)/Pods-AppStoreClone-checkManifestLockResult.txt",
			);
			runOnlyForDeploymentPostprocessing = 0;
			shellPath = /bin/sh;
			shellScript = "diff \"${PODS_PODFILE_DIR_PATH}/Podfile.lock\" \"${PODS_ROOT}/Manifest.lock\" > /dev/null\nif [ $? != 0 ] ; then\n    # print error to STDERR\n    echo \"error: The sandbox is not in sync with the Podfile.lock. Run 'pod install' or update your CocoaPods installation.\" >&2\n    exit 1\nfi\n# This output is used by Xcode 'outputs' to avoid re-running this script phase.\necho \"SUCCESS\" > \"${SCRIPT_OUTPUT_FILE_0}\"\n";
			showEnvVarsInLog = 0;
		};
		F32D0D292EBCD0619CEB5424 /* [CP] Embed Pods Frameworks */ = {
			isa = PBXShellScriptBuildPhase;
			buildActionMask = 2147483647;
			files = (
			);
			inputPaths = (
			);
			name = "[CP] Embed Pods Frameworks";
			outputPaths = (
			);
			runOnlyForDeploymentPostprocessing = 0;
			shellPath = /bin/sh;
			shellScript = "\"${SRCROOT}/Pods/Target Support Files/Pods-AppStoreClone/Pods-AppStoreClone-frameworks.sh\"\n";
			showEnvVarsInLog = 0;
		};
/* End PBXShellScriptBuildPhase section */

/* Begin PBXSourcesBuildPhase section */
		13B07F871A680F5B00A75B9A /* Sources */ = {
			isa = PBXSourcesBuildPhase;
			buildActionMask = 2147483647;
			files = (
				13B07FBC1A68108700A75B9A /* AppDelegate.m in Sources */,
				13B07FC11A68108700A75B9A /* main.m in Sources */,
				E3AAD4321F573DB200B7831D /* ReactNativeConfig.m in Sources */,
			);
			runOnlyForDeploymentPostprocessing = 0;
		};
/* End PBXSourcesBuildPhase section */

/* Begin PBXVariantGroup section */
		13B07FB11A68108700A75B9A /* LaunchScreen.xib */ = {
			isa = PBXVariantGroup;
			children = (
				13B07FB21A68108700A75B9A /* Base */,
			);
			name = LaunchScreen.xib;
			sourceTree = "<group>";
		};
/* End PBXVariantGroup section */

/* Begin XCBuildConfiguration section */
		13B07F941A680F5B00A75B9A /* Debug */ = {
			isa = XCBuildConfiguration;
			baseConfigurationReference = FE61BF5983CD96722C7A84AC /* Pods-AppStoreClone.debug.xcconfig */;
			buildSettings = {
				ASSETCATALOG_COMPILER_APPICON_NAME = AppIcon;
				CURRENT_PROJECT_VERSION = 1;
				DEAD_CODE_STRIPPING = NO;
				DEVELOPMENT_TEAM = 5PD7JU2FJC;
				INFOPLIST_FILE = AppStoreClone/Info.plist;
				INFOPLIST_OTHER_PREPROCESSOR_FLAGS = "-traditional";
				INFOPLIST_PREFIX_HEADER = "${SRCROOT}/Config/GeneratedInfoPlistDotEnv.h";
				INFOPLIST_PREPROCESS = YES;
				LD_RUNPATH_SEARCH_PATHS = "$(inherited) @executable_path/Frameworks";
				OTHER_LDFLAGS = (
					"$(inherited)",
					"-ObjC",
					"-lc++",
				);
				PRODUCT_BUNDLE_IDENTIFIER = com.ueno.appstoreclone;
				PRODUCT_NAME = AppStoreClone;
				VERSIONING_SYSTEM = "apple-generic";
			};
			name = Debug;
		};
		13B07F951A680F5B00A75B9A /* Release */ = {
			isa = XCBuildConfiguration;
			baseConfigurationReference = 23A735B6609BE13F1687DE79 /* Pods-AppStoreClone.release.xcconfig */;
			buildSettings = {
				ASSETCATALOG_COMPILER_APPICON_NAME = AppIcon;
				CURRENT_PROJECT_VERSION = 1;
				DEVELOPMENT_TEAM = 5PD7JU2FJC;
				INFOPLIST_FILE = AppStoreClone/Info.plist;
				INFOPLIST_OTHER_PREPROCESSOR_FLAGS = "-traditional";
				INFOPLIST_PREFIX_HEADER = "${SRCROOT}/Config/GeneratedInfoPlistDotEnv.h";
				INFOPLIST_PREPROCESS = YES;
				LD_RUNPATH_SEARCH_PATHS = "$(inherited) @executable_path/Frameworks";
				OTHER_LDFLAGS = (
					"$(inherited)",
					"-ObjC",
					"-lc++",
				);
				PRODUCT_BUNDLE_IDENTIFIER = com.ueno.appstoreclone;
				PRODUCT_NAME = AppStoreClone;
				VERSIONING_SYSTEM = "apple-generic";
			};
			name = Release;
		};
		83CBBA201A601CBA00E9B192 /* Debug */ = {
			isa = XCBuildConfiguration;
			buildSettings = {
				ALWAYS_SEARCH_USER_PATHS = NO;
				CLANG_CXX_LANGUAGE_STANDARD = "gnu++0x";
				CLANG_CXX_LIBRARY = "libc++";
				CLANG_ENABLE_MODULES = YES;
				CLANG_ENABLE_OBJC_ARC = YES;
				CLANG_WARN_BOOL_CONVERSION = YES;
				CLANG_WARN_CONSTANT_CONVERSION = YES;
				CLANG_WARN_DIRECT_OBJC_ISA_USAGE = YES_ERROR;
				CLANG_WARN_EMPTY_BODY = YES;
				CLANG_WARN_ENUM_CONVERSION = YES;
				CLANG_WARN_INT_CONVERSION = YES;
				CLANG_WARN_OBJC_ROOT_CLASS = YES_ERROR;
				CLANG_WARN_UNREACHABLE_CODE = YES;
				CLANG_WARN__DUPLICATE_METHOD_MATCH = YES;
				"CODE_SIGN_IDENTITY[sdk=iphoneos*]" = "iPhone Developer";
				COPY_PHASE_STRIP = NO;
				ENABLE_STRICT_OBJC_MSGSEND = YES;
				GCC_C_LANGUAGE_STANDARD = gnu99;
				GCC_DYNAMIC_NO_PIC = NO;
				GCC_OPTIMIZATION_LEVEL = 0;
				GCC_PREPROCESSOR_DEFINITIONS = (
					"DEBUG=1",
					"$(inherited)",
				);
				GCC_SYMBOLS_PRIVATE_EXTERN = NO;
				GCC_WARN_64_TO_32_BIT_CONVERSION = YES;
				GCC_WARN_ABOUT_RETURN_TYPE = YES_ERROR;
				GCC_WARN_UNDECLARED_SELECTOR = YES;
				GCC_WARN_UNINITIALIZED_AUTOS = YES_AGGRESSIVE;
				GCC_WARN_UNUSED_FUNCTION = YES;
				GCC_WARN_UNUSED_VARIABLE = YES;
				IPHONEOS_DEPLOYMENT_TARGET = 8.0;
				MTL_ENABLE_DEBUG_INFO = YES;
				ONLY_ACTIVE_ARCH = YES;
				SDKROOT = iphoneos;
			};
			name = Debug;
		};
		83CBBA211A601CBA00E9B192 /* Release */ = {
			isa = XCBuildConfiguration;
			buildSettings = {
				ALWAYS_SEARCH_USER_PATHS = NO;
				CLANG_CXX_LANGUAGE_STANDARD = "gnu++0x";
				CLANG_CXX_LIBRARY = "libc++";
				CLANG_ENABLE_MODULES = YES;
				CLANG_ENABLE_OBJC_ARC = YES;
				CLANG_WARN_BOOL_CONVERSION = YES;
				CLANG_WARN_CONSTANT_CONVERSION = YES;
				CLANG_WARN_DIRECT_OBJC_ISA_USAGE = YES_ERROR;
				CLANG_WARN_EMPTY_BODY = YES;
				CLANG_WARN_ENUM_CONVERSION = YES;
				CLANG_WARN_INT_CONVERSION = YES;
				CLANG_WARN_OBJC_ROOT_CLASS = YES_ERROR;
				CLANG_WARN_UNREACHABLE_CODE = YES;
				CLANG_WARN__DUPLICATE_METHOD_MATCH = YES;
				"CODE_SIGN_IDENTITY[sdk=iphoneos*]" = "iPhone Developer";
				COPY_PHASE_STRIP = YES;
				ENABLE_NS_ASSERTIONS = NO;
				ENABLE_STRICT_OBJC_MSGSEND = YES;
				GCC_C_LANGUAGE_STANDARD = gnu99;
				GCC_WARN_64_TO_32_BIT_CONVERSION = YES;
				GCC_WARN_ABOUT_RETURN_TYPE = YES_ERROR;
				GCC_WARN_UNDECLARED_SELECTOR = YES;
				GCC_WARN_UNINITIALIZED_AUTOS = YES_AGGRESSIVE;
				GCC_WARN_UNUSED_FUNCTION = YES;
				GCC_WARN_UNUSED_VARIABLE = YES;
				IPHONEOS_DEPLOYMENT_TARGET = 8.0;
				MTL_ENABLE_DEBUG_INFO = NO;
				SDKROOT = iphoneos;
				VALIDATE_PRODUCT = YES;
			};
			name = Release;
		};
		E3AAD4521F573E3800B7831D /* Debug */ = {
			isa = XCBuildConfiguration;
			buildSettings = {
				CLANG_ANALYZER_NONNULL = YES;
				CLANG_ANALYZER_NUMBER_OBJECT_CONVERSION = YES_AGGRESSIVE;
				CLANG_WARN_DOCUMENTATION_COMMENTS = YES;
				CLANG_WARN_INFINITE_RECURSION = YES;
				CLANG_WARN_SUSPICIOUS_MOVE = YES;
				DEBUGGING_SYMBOLS = YES;
				DEBUG_INFORMATION_FORMAT = dwarf;
				DEVELOPMENT_TEAM = 5PD7JU2FJC;
				ENABLE_TESTABILITY = YES;
				GCC_GENERATE_DEBUGGING_SYMBOLS = YES;
				GCC_NO_COMMON_BLOCKS = YES;
				GCC_OPTIMIZATION_LEVEL = 0;
				OTHER_CFLAGS = "";
				OTHER_LDFLAGS = "";
				PRODUCT_NAME = "$(TARGET_NAME)";
			};
			name = Debug;
		};
		E3AAD4531F573E3800B7831D /* Release */ = {
			isa = XCBuildConfiguration;
			buildSettings = {
				CLANG_ANALYZER_NONNULL = YES;
				CLANG_ANALYZER_NUMBER_OBJECT_CONVERSION = YES_AGGRESSIVE;
				CLANG_WARN_DOCUMENTATION_COMMENTS = YES;
				CLANG_WARN_INFINITE_RECURSION = YES;
				CLANG_WARN_SUSPICIOUS_MOVE = YES;
				COPY_PHASE_STRIP = NO;
				DEBUG_INFORMATION_FORMAT = "dwarf-with-dsym";
				DEVELOPMENT_TEAM = 5PD7JU2FJC;
				GCC_NO_COMMON_BLOCKS = YES;
				OTHER_CFLAGS = "";
				OTHER_LDFLAGS = "";
				PRODUCT_NAME = "$(TARGET_NAME)";
			};
			name = Release;
		};
/* End XCBuildConfiguration section */

/* Begin XCConfigurationList section */
		13B07F931A680F5B00A75B9A /* Build configuration list for PBXNativeTarget "AppStoreClone" */ = {
			isa = XCConfigurationList;
			buildConfigurations = (
				13B07F941A680F5B00A75B9A /* Debug */,
				13B07F951A680F5B00A75B9A /* Release */,
			);
			defaultConfigurationIsVisible = 0;
			defaultConfigurationName = Release;
		};
		83CBB9FA1A601CBA00E9B192 /* Build configuration list for PBXProject "AppStoreClone" */ = {
			isa = XCConfigurationList;
			buildConfigurations = (
				83CBBA201A601CBA00E9B192 /* Debug */,
				83CBBA211A601CBA00E9B192 /* Release */,
			);
			defaultConfigurationIsVisible = 0;
			defaultConfigurationName = Release;
		};
		E3AAD4511F573E3800B7831D /* Build configuration list for PBXLegacyTarget "BuildEnv" */ = {
			isa = XCConfigurationList;
			buildConfigurations = (
				E3AAD4521F573E3800B7831D /* Debug */,
				E3AAD4531F573E3800B7831D /* Release */,
			);
			defaultConfigurationIsVisible = 0;
			defaultConfigurationName = Release;
		};
/* End XCConfigurationList section */
	};
	rootObject = 83CBB9F71A601CBA00E9B192 /* Project object */;
}
