PODS:
  - CodePush (5.2.1):
    - CodePush/Base64 (= 5.2.1)
    - CodePush/Core (= 5.2.1)
    - CodePush/JWT (= 5.2.1)
    - CodePush/SSZipArchive (= 5.2.1)
    - React
  - CodePush/Base64 (5.2.1):
    - React
  - CodePush/Core (5.2.1):
    - React
  - CodePush/JWT (5.2.1):
    - React
  - CodePush/SSZipArchive (5.2.1):
    - React
  - Firebase/Core (4.5.0):
    - FirebaseAnalytics (= 4.0.4)
    - FirebaseCore (= 4.0.10)
  - Firebase/Messaging (4.5.0):
    - Firebase/Core
    - FirebaseMessaging (= 2.0.6)
  - Firebase/Performance (4.5.0):
    - Firebase/Core
    - FirebasePerformance (= 1.0.6)
  - FirebaseAnalytics (4.0.4):
    - FirebaseCore (~> 4.0)
    - FirebaseInstanceID (~> 2.0)
    - GoogleToolboxForMac/NSData+zlib (~> 2.1)
    - nanopb (~> 0.3)
  - FirebaseCore (4.0.10):
    - GoogleToolboxForMac/NSData+zlib (~> 2.1)
    - nanopb (~> 0.3)
  - FirebaseInstanceID (2.0.5)
  - FirebaseMessaging (2.0.6):
    - FirebaseAnalytics (~> 4.0)
    - FirebaseCore (~> 4.0)
    - FirebaseInstanceID (~> 2.0)
    - GoogleToolboxForMac/Logger (~> 2.1)
    - Protobuf (~> 3.1)
  - FirebasePerformance (1.0.6):
    - FirebaseAnalytics (~> 4.0)
    - FirebaseInstanceID (~> 2.0)
    - GoogleToolboxForMac/Logger (~> 2.1)
    - GoogleToolboxForMac/NSData+zlib (~> 2.1)
    - GTMSessionFetcher/Core (~> 1.1)
    - Protobuf (~> 3.1)
  - GoogleToolboxForMac/Defines (2.1.3)
  - GoogleToolboxForMac/Logger (2.1.3):
    - GoogleToolboxForMac/Defines (= 2.1.3)
  - GoogleToolboxForMac/NSData+zlib (2.1.3):
    - GoogleToolboxForMac/Defines (= 2.1.3)
  - GTMSessionFetcher/Core (1.1.12)
  - KSCrash/Core (1.15.16):
    - KSCrash/Reporting/Filters/Basic
  - KSCrash/Recording (1.15.16):
    - KSCrash/Recording/Tools (= 1.15.16)
  - KSCrash/Recording/Tools (1.15.16)
  - KSCrash/Reporting/Filters/Base (1.15.16):
    - KSCrash/Recording
  - KSCrash/Reporting/Filters/Basic (1.15.16):
    - KSCrash/Recording
    - KSCrash/Reporting/Filters/Base
  - nanopb (0.3.8):
    - nanopb/decode (= 0.3.8)
    - nanopb/encode (= 0.3.8)
  - nanopb/decode (0.3.8)
  - nanopb/encode (0.3.8)
  - Protobuf (3.4.0)
  - React (0.51.0):
    - React/Core (= 0.51.0)
  - react-native-blur (0.8.0):
    - React
  - react-native-navigation (1.1.310):
    - React
  - React/BatchedBridge (0.51.0):
    - React/Core
    - React/cxxreact_legacy
  - React/Core (0.51.0):
    - yoga (= 0.51.0.React)
  - React/cxxreact_legacy (0.51.0):
    - React/jschelpers_legacy
  - React/DevSupport (0.51.0):
    - React/Core
    - React/RCTWebSocket
  - React/fishhook (0.51.0)
  - React/jschelpers_legacy (0.51.0)
  - React/RCTActionSheet (0.51.0):
    - React/Core
  - React/RCTAnimation (0.51.0):
    - React/Core
  - React/RCTBlob (0.51.0):
    - React/Core
  - React/RCTImage (0.51.0):
    - React/Core
    - React/RCTNetwork
  - React/RCTLinkingIOS (0.51.0):
    - React/Core
  - React/RCTNetwork (0.51.0):
    - React/Core
  - React/RCTPushNotification (0.51.0):
    - React/Core
  - React/RCTText (0.51.0):
    - React/Core
  - React/RCTWebSocket (0.51.0):
    - React/Core
    - React/fishhook
    - React/RCTBlob
  - RNFirebase (3.1.1):
    - React
  - Sentry (3.10.0):
    - Sentry/Core (= 3.10.0)
    - Sentry/KSCrash (= 3.10.0)
  - Sentry/Core (3.10.0)
  - Sentry/KSCrash (3.10.0):
    - KSCrash/Core (~> 1.15.12)
  - SentryReactNative (0.32.0):
    - React
    - Sentry (~> 3.10.0)
    - Sentry/KSCrash (~> 3.10.0)
  - yoga (0.51.0.React)

DEPENDENCIES:
  - CodePush (from `../node_modules/react-native-code-push`)
  - Firebase/Core
  - Firebase/Messaging
  - Firebase/Performance
  - react-native-blur (from `../node_modules/react-native-blur`)
  - react-native-navigation (from `../node_modules/react-native-navigation`)
  - React/BatchedBridge (from `../node_modules/react-native`)
  - React/Core (from `../node_modules/react-native`)
  - React/DevSupport (from `../node_modules/react-native`)
  - React/RCTActionSheet (from `../node_modules/react-native`)
  - React/RCTAnimation (from `../node_modules/react-native`)
  - React/RCTImage (from `../node_modules/react-native`)
  - React/RCTLinkingIOS (from `../node_modules/react-native`)
  - React/RCTNetwork (from `../node_modules/react-native`)
  - React/RCTPushNotification (from `../node_modules/react-native`)
  - React/RCTText (from `../node_modules/react-native`)
  - React/RCTWebSocket (from `../node_modules/react-native`)
  - RNFirebase (from `../node_modules/react-native-firebase`)
  - SentryReactNative (from `../node_modules/react-native-sentry`)
  - yoga (from `../node_modules/react-native/ReactCommon/yoga`)

EXTERNAL SOURCES:
  CodePush:
    :path: ../node_modules/react-native-code-push
  React:
    :path: ../node_modules/react-native
  react-native-blur:
    :path: ../node_modules/react-native-blur
  react-native-navigation:
    :path: ../node_modules/react-native-navigation
  RNFirebase:
    :path: ../node_modules/react-native-firebase
  SentryReactNative:
    :path: ../node_modules/react-native-sentry
  yoga:
    :path: ../node_modules/react-native/ReactCommon/yoga

SPEC CHECKSUMS:
  CodePush: 9400969397b340ee26772b79fcadd1a48a0449dc
  Firebase: d83d287bdb6b1c78320561482706d1fcfc8ddfc1
  FirebaseAnalytics: 722b53c7b32bfc7806b06e0093a2f5180d4f2c5a
  FirebaseCore: da5e8e372cb6046212739a4d81e42d32c22907cc
  FirebaseInstanceID: f2b688c66b972f30d7fa9f5f9f91455454a03b47
  FirebaseMessaging: 75d83375b0f7a9911568d7bdd1a1a8261cbcbdef
  FirebasePerformance: fa032c27e229eb8c1a8638918793fe2e47465205
  GoogleToolboxForMac: 2501e2ad72a52eb3dfe7bd9aee7dad11b858bd20
  GTMSessionFetcher: ebaa1f79a5366922c1735f1566901f50beba23b7
  KSCrash: e4cda5c8612c5f9478defcf43418f24870d313f4
  nanopb: 5601e6bca2dbf1ed831b519092ec110f66982ca3
  Protobuf: 03eef2ee0b674770735cf79d9c4d3659cf6908e8
  React: 352f02f1db6e4744f9a758527e13e3fdefbbd6ba
  react-native-blur: cad4d93b364f91e7b7931b3fa935455487e5c33c
  react-native-navigation: a894832d6db8cccdadac3dc8341a6c9316b75bc2
  RNFirebase: 30522211772f22affff6f3a61981110852d2668b
  Sentry: 546079394a729c35ba8c10332942c25f96cac921
  SentryReactNative: 4cbea26ab775a42929d4e841701de9b3573278f4
  yoga: b5d96400ca8b2936965a7a6516da7c1177f432a3

PODFILE CHECKSUM: 9f79311a69faf789502e66941048687b842b345d

COCOAPODS: 1.3.1
